
Microsoft Visual Studio Solution File, Format Version 12.00
# Visual Studio Version 16
VisualStudioVersion = 16.0.29424.173
MinimumVisualStudioVersion = 10.0.40219.1
Project("{FAE04EC0-301F-11D3-BF4B-00C04F79EFBC}") = "groceryapp.api", "groceryapp.api\groceryapp.api.csproj", "{C9A5CFA5-EE35-41CD-BC9D-B32E54DF562F}"
EndProject
Global
	GlobalSection(SolutionConfigurationPlatforms) = preSolution
		Debug|Any CPU = Debug|Any CPU
		Release|Any CPU = Release|Any CPU
	EndGlobalSection
	GlobalSection(ProjectConfigurationPlatforms) = postSolution
		{C9A5CFA5-EE35-41CD-BC9D-B32E54DF562F}.Debug|Any CPU.ActiveCfg = Debug|Any CPU
		{C9A5CFA5-EE35-41CD-BC9D-B32E54DF562F}.Debug|Any CPU.Build.0 = Debug|Any CPU
		{C9A5CFA5-EE35-41CD-BC9D-B32E54DF562F}.Release|Any CPU.ActiveCfg = Release|Any CPU
		{C9A5CFA5-EE35-41CD-BC9D-B32E54DF562F}.Release|Any CPU.Build.0 = Release|Any CPU
	EndGlobalSection
	GlobalSection(SolutionProperties) = preSolution
		HideSolutionNode = FALSE
	EndGlobalSection
	GlobalSection(ExtensibilityGlobals) = postSolution
		SolutionGuid = {A769802B-B950-41C9-ADAD-0D2C7D827EE3}
	EndGlobalSection
EndGlobal
